
Microsoft Visual Studio Solution File, Format Version 12.00
# Visual Studio Version 17
VisualStudioVersion = 17.5.33414.496
MinimumVisualStudioVersion = 10.0.40219.1
Project("{FAE04EC0-301F-11D3-BF4B-00C04F79EFBC}") = "Interface_Chat", "Interface_Chat.csproj", "{E1C40849-962A-45E5-B3C2-653C95F683F0}"
EndProject
Global
	GlobalSection(SolutionConfigurationPlatforms) = preSolution
		Debug|Any CPU = Debug|Any CPU
		Release|Any CPU = Release|Any CPU
	EndGlobalSection
	GlobalSection(ProjectConfigurationPlatforms) = postSolution
		{E1C40849-962A-45E5-B3C2-653C95F683F0}.Debug|Any CPU.ActiveCfg = Debug|Any CPU
		{E1C40849-962A-45E5-B3C2-653C95F683F0}.Debug|Any CPU.Build.0 = Debug|Any CPU
		{E1C40849-962A-45E5-B3C2-653C95F683F0}.Release|Any CPU.ActiveCfg = Release|Any CPU
		{E1C40849-962A-45E5-B3C2-653C95F683F0}.Release|Any CPU.Build.0 = Release|Any CPU
	EndGlobalSection
	GlobalSection(SolutionProperties) = preSolution
		HideSolutionNode = FALSE
	EndGlobalSection
	GlobalSection(ExtensibilityGlobals) = postSolution
		SolutionGuid = {F5A24554-77B2-4C0A-863D-9A356673E5CE}
	EndGlobalSection
EndGlobal
